{
  "nodes": {
    "disko": {
      "inputs": {
        "nixpkgs": [
          "nixpkgs"
        ]
      },
      "locked": {
        "lastModified": 1768920986,
        "narHash": "sha256-CNzzBsRhq7gg4BMBuTDObiWDH/rFYHEuDRVOwCcwXw4=",
        "owner": "nix-community",
        "repo": "disko",
        "rev": "de5708739256238fb912c62f03988815db89ec9a",
        "type": "github"
      },
      "original": {
        "owner": "nix-community",
        "ref": "latest",
        "repo": "disko",
        "type": "github"
      }
    },
    "emacs-config": {
      "flake": false,
      "locked": {
        "lastModified": 1773408352,
        "narHash": "sha256-PWGhXlwrO9rR3YFv3/AfYKJJQQQF+6xtQSuacq1I+qA=",
        "owner": "ZenthusSu111",
        "repo": "emacs",
        "rev": "163a3d774c88e1bd6b88bd0e419fb3a365536d30",
        "type": "github"
      },
      "original": {
        "owner": "ZenthusSu111",
        "repo": "emacs",
        "type": "github"
      }
    },
    "home-manager": {
      "inputs": {
        "nixpkgs": [
          "nixpkgs"
        ]
      },
      "locked": {
        "lastModified": 1772218752,
        "narHash": "sha256-G8nArvOTZXU8DRvrzAdz3Elcj6kA/vMtvY9mrGLATtA=",
        "owner": "nix-community",
        "repo": "home-manager",
        "rev": "f3a30376bb9eb2f6f61816be7d6ed954b6d2a3b9",
        "type": "github"
      },
      "original": {
        "owner": "nix-community",
        "repo": "home-manager",
        "type": "github"
      }
    },
    "nix-flatpak": {
      "locked": {
        "lastModified": 1768656715,
        "narHash": "sha256-Sbh037scxKFm7xL0ahgSCw+X2/5ZKeOwI2clqrYr9j4=",
        "owner": "gmodena",
        "repo": "nix-flatpak",
        "rev": "123fe29340a5b8671367055b75a6e7c320d6f89a",
        "type": "github"
      },
      "original": {
        "owner": "gmodena",
        "repo": "nix-flatpak",
        "type": "github"
      }
    },
    "nixos-hardware": {
      "locked": {
        "lastModified": 1771969195,
        "narHash": "sha256-qwcDBtrRvJbrrnv1lf/pREQi8t2hWZxVAyeMo7/E9sw=",
        "owner": "NixOS",
        "repo": "nixos-hardware",
        "rev": "41c6b421bdc301b2624486e11905c9af7b8ec68e",
        "type": "github"
      },
      "original": {
        "owner": "NixOS",
        "ref": "master",
        "repo": "nixos-hardware",
        "type": "github"
      }
    },
    "nixpkgs": {
      "locked": {
        "lastModified": 1771848320,
        "narHash": "sha256-0MAd+0mun3K/Ns8JATeHT1sX28faLII5hVLq0L3BdZU=",
        "owner": "nixos",
        "repo": "nixpkgs",
        "rev": "2fc6539b481e1d2569f25f8799236694180c0993",
        "type": "github"
      },
      "original": {
        "owner": "nixos",
        "ref": "nixos-unstable",
        "repo": "nixpkgs",
        "type": "github"
      }
    },
    "nvim-config": {
      "flake": false,
      "locked": {
        "lastModified": 1773408337,
        "narHash": "sha256-Ou/4uO8le4UIy6PkqUsVZEdjpCFqaROYonKpnHW6yG8=",
        "owner": "ZenthusSu111",
        "repo": "nvim",
        "rev": "64bc56aea8ff85fd9a40f68e2382483c7df9ec16",
        "type": "github"
      },
      "original": {
        "owner": "ZenthusSu111",
        "repo": "nvim",
        "type": "github"
      }
    },
    "root": {
      "inputs": {
        "disko": "disko",
        "emacs-config": "emacs-config",
        "home-manager": "home-manager",
        "nix-flatpak": "nix-flatpak",
        "nixos-hardware": "nixos-hardware",
        "nixpkgs": "nixpkgs",
        "nvim-config": "nvim-config",
        "sops-nix": "sops-nix"
      }
    },
    "sops-nix": {
      "inputs": {
        "nixpkgs": [
          "nixpkgs"
        ]
      },
      "locked": {
        "lastModified": 1773096132,
        "narHash": "sha256-M3zEnq9OElB7zqc+mjgPlByPm1O5t2fbUrH3t/Hm5Ag=",
        "owner": "Mic92",
        "repo": "sops-nix",
        "rev": "d1ff3b1034d5bab5d7d8086a7803c5a5968cd784",
        "type": "github"
      },
      "original": {
        "owner": "Mic92",
        "repo": "sops-nix",
        "type": "github"
      }
    }
  },
  "root": "root",
  "version": 7
}
